# This file is automatically @generated by Cargo.
# It is not intended for manual editing.
version = 4

[[package]]
name = "tambear-frame"
version = "0.1.0"

[[package]]
name = "tambear-io"
version = "0.1.0"

[[package]]
name = "tambear-primitives"
version = "0.1.0"

[[package]]
name = "tambear-runtime"
version = "0.1.0"

[[package]]
name = "tambear-session"
version = "0.1.0"

[[package]]
name = "tambear-tam"
version = "0.1.0"

[[package]]
name = "tambear-tbs"
version = "0.1.0"
